
Microsoft Visual Studio Solution File, Format Version 12.00
# Visual Studio 15
VisualStudioVersion = 15.0.27703.2026
MinimumVisualStudioVersion = 10.0.40219.1
Project("{FAE04EC0-301F-11D3-BF4B-00C04F79EFBC}") = "SellingPoint.OracleDBIntegration", "SellingPointOracleDBIntegration\SellingPoint.OracleDBIntegration.csproj", "{8702516C-C67E-4E53-8E9E-3FA1D1B80A11}"
EndProject
Project("{FAE04EC0-301F-11D3-BF4B-00C04F79EFBC}") = "SellingPoint.WindowsService", "SellingPoint.WindowsService\SellingPoint.WindowsService.csproj", "{DEFB76BC-20A9-4C11-BE15-0F5FEC14DC6A}"
EndProject
Project("{FAE04EC0-301F-11D3-BF4B-00C04F79EFBC}") = "SellingPoint.TaskScheduler", "SellingPoint.TaskScheduler\SellingPoint.TaskScheduler.csproj", "{4EFF9A09-0D0B-4684-8603-5119525D5761}"
EndProject
Global
	GlobalSection(SolutionConfigurationPlatforms) = preSolution
		Debug|Any CPU = Debug|Any CPU
		Release|Any CPU = Release|Any CPU
	EndGlobalSection
	GlobalSection(ProjectConfigurationPlatforms) = postSolution
		{8702516C-C67E-4E53-8E9E-3FA1D1B80A11}.Debug|Any CPU.ActiveCfg = Debug|Any CPU
		{8702516C-C67E-4E53-8E9E-3FA1D1B80A11}.Debug|Any CPU.Build.0 = Debug|Any CPU
		{8702516C-C67E-4E53-8E9E-3FA1D1B80A11}.Release|Any CPU.ActiveCfg = Release|Any CPU
		{8702516C-C67E-4E53-8E9E-3FA1D1B80A11}.Release|Any CPU.Build.0 = Release|Any CPU
		{DEFB76BC-20A9-4C11-BE15-0F5FEC14DC6A}.Debug|Any CPU.ActiveCfg = Debug|Any CPU
		{DEFB76BC-20A9-4C11-BE15-0F5FEC14DC6A}.Debug|Any CPU.Build.0 = Debug|Any CPU
		{DEFB76BC-20A9-4C11-BE15-0F5FEC14DC6A}.Release|Any CPU.ActiveCfg = Release|Any CPU
		{DEFB76BC-20A9-4C11-BE15-0F5FEC14DC6A}.Release|Any CPU.Build.0 = Release|Any CPU
		{4EFF9A09-0D0B-4684-8603-5119525D5761}.Debug|Any CPU.ActiveCfg = Debug|Any CPU
		{4EFF9A09-0D0B-4684-8603-5119525D5761}.Debug|Any CPU.Build.0 = Debug|Any CPU
		{4EFF9A09-0D0B-4684-8603-5119525D5761}.Release|Any CPU.ActiveCfg = Release|Any CPU
		{4EFF9A09-0D0B-4684-8603-5119525D5761}.Release|Any CPU.Build.0 = Release|Any CPU
	EndGlobalSection
	GlobalSection(SolutionProperties) = preSolution
		HideSolutionNode = FALSE
	EndGlobalSection
	GlobalSection(ExtensibilityGlobals) = postSolution
		SolutionGuid = {0599CA34-ACEF-4053-B48E-B517A0416C22}
	EndGlobalSection
EndGlobal
